// !$*UTF8*$!
{
	archiveVersion = 1;
	classes = {
	};
	objectVersion = 55;
	objects = {

/* Begin PBXBuildFile section */
		ED1698802741EA6100841C0C /* AudioKit in Frameworks */ = {isa = PBXBuildFile; productRef = ED16987F2741EA6100841C0C /* AudioKit */; };
		ED1698822742125100841C0C /* MidiRhythmDevice.swift in Sources */ = {isa = PBXBuildFile; fileRef = ED1698812742125100841C0C /* MidiRhythmDevice.swift */; };
		ED33811D2741C612009C9F4B /* MidiConductor.swift in Sources */ = {isa = PBXBuildFile; fileRef = ED33811C2741C612009C9F4B /* MidiConductor.swift */; };
		ED33811F2741D0EC009C9F4B /* MidiNoteDevice.swift in Sources */ = {isa = PBXBuildFile; fileRef = ED33811E2741D0EC009C9F4B /* MidiNoteDevice.swift */; };
		EDCA56F3272F171B002E1320 /* MidiCombinerApp.swift in Sources */ = {isa = PBXBuildFile; fileRef = EDCA56F2272F171B002E1320 /* MidiCombinerApp.swift */; };
		EDCA56F5272F171B002E1320 /* ContentView.swift in Sources */ = {isa = PBXBuildFile; fileRef = EDCA56F4272F171B002E1320 /* ContentView.swift */; };
		EDCA56F7272F171D002E1320 /* Assets.xcassets in Resources */ = {isa = PBXBuildFile; fileRef = EDCA56F6272F171D002E1320 /* Assets.xcassets */; };
		EDCA56FA272F171D002E1320 /* Preview Assets.xcassets in Resources */ = {isa = PBXBuildFile; fileRef = EDCA56F9272F171D002E1320 /* Preview Assets.xcassets */; };
		EDCA57052730B0AE002E1320 /* MidiMessage.swift in Sources */ = {isa = PBXBuildFile; fileRef = EDCA57042730B0AE002E1320 /* MidiMessage.swift */; };
/* End PBXBuildFile section */

/* Begin PBXFileReference section */
		ED1698812742125100841C0C /* MidiRhythmDevice.swift */ = {isa = PBXFileReference; lastKnownFileType = sourcecode.swift; path = MidiRhythmDevice.swift; sourceTree = "<group>"; };
		ED33811C2741C612009C9F4B /* MidiConductor.swift */ = {isa = PBXFileReference; fileEncoding = 4; lastKnownFileType = sourcecode.swift; path = MidiConductor.swift; sourceTree = "<group>"; };
		ED33811E2741D0EC009C9F4B /* MidiNoteDevice.swift */ = {isa = PBXFileReference; lastKnownFileType = sourcecode.swift; path = MidiNoteDevice.swift; sourceTree = "<group>"; };
		EDCA56EF272F171B002E1320 /* MidiCombiner.app */ = {isa = PBXFileReference; explicitFileType = wrapper.application; includeInIndex = 0; path = MidiCombiner.app; sourceTree = BUILT_PRODUCTS_DIR; };
		EDCA56F2272F171B002E1320 /* MidiCombinerApp.swift */ = {isa = PBXFileReference; lastKnownFileType = sourcecode.swift; path = MidiCombinerApp.swift; sourceTree = "<group>"; };
		EDCA56F4272F171B002E1320 /* ContentView.swift */ = {isa = PBXFileReference; lastKnownFileType = sourcecode.swift; path = ContentView.swift; sourceTree = "<group>"; };
		EDCA56F6272F171D002E1320 /* Assets.xcassets */ = {isa = PBXFileReference; lastKnownFileType = folder.assetcatalog; path = Assets.xcassets; sourceTree = "<group>"; };
		EDCA56F9272F171D002E1320 /* Preview Assets.xcassets */ = {isa = PBXFileReference; lastKnownFileType = folder.assetcatalog; path = "Preview Assets.xcassets"; sourceTree = "<group>"; };
		EDCA56FB272F171D002E1320 /* MidiCombiner.entitlements */ = {isa = PBXFileReference; lastKnownFileType = text.plist.entitlements; path = MidiCombiner.entitlements; sourceTree = "<group>"; };
		EDCA57042730B0AE002E1320 /* MidiMessage.swift */ = {isa = PBXFileReference; lastKnownFileType = sourcecode.swift; path = MidiMessage.swift; sourceTree = "<group>"; };
/* End PBXFileReference section */

/* Begin PBXFrameworksBuildPhase section */
		EDCA56EC272F171B002E1320 /* Frameworks */ = {
			isa = PBXFrameworksBuildPhase;
			buildActionMask = 2147483647;
			files = (
				ED1698802741EA6100841C0C /* AudioKit in Frameworks */,
			);
			runOnlyForDeploymentPostprocessing = 0;
		};
/* End PBXFrameworksBuildPhase section */

/* Begin PBXGroup section */
		EDCA56E6272F171B002E1320 = {
			isa = PBXGroup;
			children = (
				EDCA56F1272F171B002E1320 /* MidiCombiner */,
				EDCA56F0272F171B002E1320 /* Products */,
			);
			sourceTree = "<group>";
		};
		EDCA56F0272F171B002E1320 /* Products */ = {
			isa = PBXGroup;
			children = (
				EDCA56EF272F171B002E1320 /* MidiCombiner.app */,
			);
			name = Products;
			sourceTree = "<group>";
		};
		EDCA56F1272F171B002E1320 /* MidiCombiner */ = {
			isa = PBXGroup;
			children = (
				EDCA57032730B084002E1320 /* midi */,
				EDCA56F4272F171B002E1320 /* ContentView.swift */,
				EDCA56F2272F171B002E1320 /* MidiCombinerApp.swift */,
				EDCA56F6272F171D002E1320 /* Assets.xcassets */,
				EDCA56FB272F171D002E1320 /* MidiCombiner.entitlements */,
				EDCA56F8272F171D002E1320 /* Preview Content */,
			);
			path = MidiCombiner;
			sourceTree = "<group>";
		};
		EDCA56F8272F171D002E1320 /* Preview Content */ = {
			isa = PBXGroup;
			children = (
				EDCA56F9272F171D002E1320 /* Preview Assets.xcassets */,
			);
			path = "Preview Content";
			sourceTree = "<group>";
		};
		EDCA57032730B084002E1320 /* midi */ = {
			isa = PBXGroup;
			children = (
				ED33811C2741C612009C9F4B /* MidiConductor.swift */,
				EDCA57042730B0AE002E1320 /* MidiMessage.swift */,
				ED33811E2741D0EC009C9F4B /* MidiNoteDevice.swift */,
				ED1698812742125100841C0C /* MidiRhythmDevice.swift */,
			);
			path = midi;
			sourceTree = "<group>";
		};
/* End PBXGroup section */

/* Begin PBXNativeTarget section */
		EDCA56EE272F171B002E1320 /* MidiCombiner */ = {
			isa = PBXNativeTarget;
			buildConfigurationList = EDCA56FE272F171D002E1320 /* Build configuration list for PBXNativeTarget "MidiCombiner" */;
			buildPhases = (
				EDCA56EB272F171B002E1320 /* Sources */,
				EDCA56EC272F171B002E1320 /* Frameworks */,
				EDCA56ED272F171B002E1320 /* Resources */,
			);
			buildRules = (
			);
			dependencies = (
			);
			name = MidiCombiner;
			packageProductDependencies = (
				ED16987F2741EA6100841C0C /* AudioKit */,
			);
			productName = MidiCombiner;
			productReference = EDCA56EF272F171B002E1320 /* MidiCombiner.app */;
			productType = "com.apple.product-type.application";
		};
/* End PBXNativeTarget section */

/* Begin PBXProject section */
		EDCA56E7272F171B002E1320 /* Project object */ = {
			isa = PBXProject;
			attributes = {
				BuildIndependentTargetsInParallel = 1;
				LastSwiftUpdateCheck = 1300;
				LastUpgradeCheck = 1310;
				TargetAttributes = {
					EDCA56EE272F171B002E1320 = {
						CreatedOnToolsVersion = 13.0;
					};
				};
			};
			buildConfigurationList = EDCA56EA272F171B002E1320 /* Build configuration list for PBXProject "MidiCombiner" */;
			compatibilityVersion = "Xcode 13.0";
			developmentRegion = en;
			hasScannedForEncodings = 0;
			knownRegions = (
				en,
				Base,
			);
			mainGroup = EDCA56E6272F171B002E1320;
			packageReferences = (
				ED16987E2741EA6100841C0C /* XCRemoteSwiftPackageReference "AudioKit" */,
			);
			productRefGroup = EDCA56F0272F171B002E1320 /* Products */;
			projectDirPath = "";
			projectRoot = "";
			targets = (
				EDCA56EE272F171B002E1320 /* MidiCombiner */,
			);
		};
/* End PBXProject section */

/* Begin PBXResourcesBuildPhase section */
		EDCA56ED272F171B002E1320 /* Resources */ = {
			isa = PBXResourcesBuildPhase;
			buildActionMask = 2147483647;
			files = (
				EDCA56FA272F171D002E1320 /* Preview Assets.xcassets in Resources */,
				EDCA56F7272F171D002E1320 /* Assets.xcassets in Resources */,
			);
			runOnlyForDeploymentPostprocessing = 0;
		};
/* End PBXResourcesBuildPhase section */

/* Begin PBXSourcesBuildPhase section */
		EDCA56EB272F171B002E1320 /* Sources */ = {
			isa = PBXSourcesBuildPhase;
			buildActionMask = 2147483647;
			files = (
				ED33811D2741C612009C9F4B /* MidiConductor.swift in Sources */,
				ED33811F2741D0EC009C9F4B /* MidiNoteDevice.swift in Sources */,
				ED1698822742125100841C0C /* MidiRhythmDevice.swift in Sources */,
				EDCA57052730B0AE002E1320 /* MidiMessage.swift in Sources */,
				EDCA56F5272F171B002E1320 /* ContentView.swift in Sources */,
				EDCA56F3272F171B002E1320 /* MidiCombinerApp.swift in Sources */,
			);
			runOnlyForDeploymentPostprocessing = 0;
		};
/* End PBXSourcesBuildPhase section */

/* Begin XCBuildConfiguration section */
		EDCA56FC272F171D002E1320 /* Debug */ = {
			isa = XCBuildConfiguration;
			buildSettings = {
				ALWAYS_SEARCH_USER_PATHS = NO;
				CLANG_ANALYZER_NONNULL = YES;
				CLANG_ANALYZER_NUMBER_OBJECT_CONVERSION = YES_AGGRESSIVE;
				CLANG_CXX_LANGUAGE_STANDARD = "gnu++17";
				CLANG_CXX_LIBRARY = "libc++";
				CLANG_ENABLE_MODULES = YES;
				CLANG_ENABLE_OBJC_ARC = YES;
				CLANG_ENABLE_OBJC_WEAK = YES;
				CLANG_WARN_BLOCK_CAPTURE_AUTORELEASING = YES;
				CLANG_WARN_BOOL_CONVERSION = YES;
				CLANG_WARN_COMMA = YES;
				CLANG_WARN_CONSTANT_CONVERSION = YES;
				CLANG_WARN_DEPRECATED_OBJC_IMPLEMENTATIONS = YES;
				CLANG_WARN_DIRECT_OBJC_ISA_USAGE = YES_ERROR;
				CLANG_WARN_DOCUMENTATION_COMMENTS = YES;
				CLANG_WARN_EMPTY_BODY = YES;
				CLANG_WARN_ENUM_CONVERSION = YES;
				CLANG_WARN_INFINITE_RECURSION = YES;
				CLANG_WARN_INT_CONVERSION = YES;
				CLANG_WARN_NON_LITERAL_NULL_CONVERSION = YES;
				CLANG_WARN_OBJC_IMPLICIT_RETAIN_SELF = YES;
				CLANG_WARN_OBJC_LITERAL_CONVERSION = YES;
				CLANG_WARN_OBJC_ROOT_CLASS = YES_ERROR;
				CLANG_WARN_QUOTED_INCLUDE_IN_FRAMEWORK_HEADER = YES;
				CLANG_WARN_RANGE_LOOP_ANALYSIS = YES;
				CLANG_WARN_STRICT_PROTOTYPES = YES;
				CLANG_WARN_SUSPICIOUS_MOVE = YES;
				CLANG_WARN_UNGUARDED_AVAILABILITY = YES_AGGRESSIVE;
				CLANG_WARN_UNREACHABLE_CODE = YES;
				CLANG_WARN__DUPLICATE_METHOD_MATCH = YES;
				COPY_PHASE_STRIP = NO;
				DEBUG_INFORMATION_FORMAT = dwarf;
				ENABLE_STRICT_OBJC_MSGSEND = YES;
				ENABLE_TESTABILITY = YES;
				GCC_C_LANGUAGE_STANDARD = gnu11;
				GCC_DYNAMIC_NO_PIC = NO;
				GCC_NO_COMMON_BLOCKS = YES;
				GCC_OPTIMIZATION_LEVEL = 0;
				GCC_PREPROCESSOR_DEFINITIONS = (
					"DEBUG=1",
					"$(inherited)",
				);
				GCC_WARN_64_TO_32_BIT_CONVERSION = YES;
				GCC_WARN_ABOUT_RETURN_TYPE = YES_ERROR;
				GCC_WARN_UNDECLARED_SELECTOR = YES;
				GCC_WARN_UNINITIALIZED_AUTOS = YES_AGGRESSIVE;
				GCC_WARN_UNUSED_FUNCTION = YES;
				GCC_WARN_UNUSED_VARIABLE = YES;
				MACOSX_DEPLOYMENT_TARGET = 11.3;
				MTL_ENABLE_DEBUG_INFO = INCLUDE_SOURCE;
				MTL_FAST_MATH = YES;
				ONLY_ACTIVE_ARCH = YES;
				SDKROOT = macosx;
				SWIFT_ACTIVE_COMPILATION_CONDITIONS = DEBUG;
				SWIFT_OPTIMIZATION_LEVEL = "-Onone";
			};
			name = Debug;
		};
		EDCA56FD272F171D002E1320 /* Release */ = {
			isa = XCBuildConfiguration;
			buildSettings = {
				ALWAYS_SEARCH_USER_PATHS = NO;
				CLANG_ANALYZER_NONNULL = YES;
				CLANG_ANALYZER_NUMBER_OBJECT_CONVERSION = YES_AGGRESSIVE;
				CLANG_CXX_LANGUAGE_STANDARD = "gnu++17";
				CLANG_CXX_LIBRARY = "libc++";
				CLANG_ENABLE_MODULES = YES;
				CLANG_ENABLE_OBJC_ARC = YES;
				CLANG_ENABLE_OBJC_WEAK = YES;
				CLANG_WARN_BLOCK_CAPTURE_AUTORELEASING = YES;
				CLANG_WARN_BOOL_CONVERSION = YES;
				CLANG_WARN_COMMA = YES;
				CLANG_WARN_CONSTANT_CONVERSION = YES;
				CLANG_WARN_DEPRECATED_OBJC_IMPLEMENTATIONS = YES;
				CLANG_WARN_DIRECT_OBJC_ISA_USAGE = YES_ERROR;
				CLANG_WARN_DOCUMENTATION_COMMENTS = YES;
				CLANG_WARN_EMPTY_BODY = YES;
				CLANG_WARN_ENUM_CONVERSION = YES;
				CLANG_WARN_INFINITE_RECURSION = YES;
				CLANG_WARN_INT_CONVERSION = YES;
				CLANG_WARN_NON_LITERAL_NULL_CONVERSION = YES;
				CLANG_WARN_OBJC_IMPLICIT_RETAIN_SELF = YES;
				CLANG_WARN_OBJC_LITERAL_CONVERSION = YES;
				CLANG_WARN_OBJC_ROOT_CLASS = YES_ERROR;
				CLANG_WARN_QUOTED_INCLUDE_IN_FRAMEWORK_HEADER = YES;
				CLANG_WARN_RANGE_LOOP_ANALYSIS = YES;
				CLANG_WARN_STRICT_PROTOTYPES = YES;
				CLANG_WARN_SUSPICIOUS_MOVE = YES;
				CLANG_WARN_UNGUARDED_AVAILABILITY = YES_AGGRESSIVE;
				CLANG_WARN_UNREACHABLE_CODE = YES;
				CLANG_WARN__DUPLICATE_METHOD_MATCH = YES;
				COPY_PHASE_STRIP = NO;
				DEBUG_INFORMATION_FORMAT = "dwarf-with-dsym";
				ENABLE_NS_ASSERTIONS = NO;
				ENABLE_STRICT_OBJC_MSGSEND = YES;
				GCC_C_LANGUAGE_STANDARD = gnu11;
				GCC_NO_COMMON_BLOCKS = YES;
				GCC_WARN_64_TO_32_BIT_CONVERSION = YES;
				GCC_WARN_ABOUT_RETURN_TYPE = YES_ERROR;
				GCC_WARN_UNDECLARED_SELECTOR = YES;
				GCC_WARN_UNINITIALIZED_AUTOS = YES_AGGRESSIVE;
				GCC_WARN_UNUSED_FUNCTION = YES;
				GCC_WARN_UNUSED_VARIABLE = YES;
				MACOSX_DEPLOYMENT_TARGET = 11.3;
				MTL_ENABLE_DEBUG_INFO = NO;
				MTL_FAST_MATH = YES;
				SDKROOT = macosx;
				SWIFT_COMPILATION_MODE = wholemodule;
				SWIFT_OPTIMIZATION_LEVEL = "-O";
			};
			name = Release;
		};
		EDCA56FF272F171D002E1320 /* Debug */ = {
			isa = XCBuildConfiguration;
			buildSettings = {
				ASSETCATALOG_COMPILER_APPICON_NAME = AppIcon;
				ASSETCATALOG_COMPILER_GLOBAL_ACCENT_COLOR_NAME = AccentColor;
				CODE_SIGN_ENTITLEMENTS = MidiCombiner/MidiCombiner.entitlements;
				CODE_SIGN_IDENTITY = "-";
				CODE_SIGN_STYLE = Automatic;
				COMBINE_HIDPI_IMAGES = YES;
				CURRENT_PROJECT_VERSION = 1;
				DEVELOPMENT_ASSET_PATHS = "\"MidiCombiner/Preview Content\"";
				DEVELOPMENT_TEAM = G3QUE9Y979;
				ENABLE_HARDENED_RUNTIME = YES;
				ENABLE_PREVIEWS = YES;
				GENERATE_INFOPLIST_FILE = YES;
				INFOPLIST_KEY_NSHumanReadableCopyright = "";
				LD_RUNPATH_SEARCH_PATHS = (
					"$(inherited)",
					"@executable_path/../Frameworks",
				);
				MACOSX_DEPLOYMENT_TARGET = 11.0;
				MARKETING_VERSION = 1.0;
				PRODUCT_BUNDLE_IDENTIFIER = com.tesseractcollective.MidiCombiner;
				PRODUCT_NAME = "$(TARGET_NAME)";
				SWIFT_EMIT_LOC_STRINGS = YES;
				SWIFT_VERSION = 5.0;
			};
			name = Debug;
		};
		EDCA5700272F171D002E1320 /* Release */ = {
			isa = XCBuildConfiguration;
			buildSettings = {
				ASSETCATALOG_COMPILER_APPICON_NAME = AppIcon;
				ASSETCATALOG_COMPILER_GLOBAL_ACCENT_COLOR_NAME = AccentColor;
				CODE_SIGN_ENTITLEMENTS = MidiCombiner/MidiCombiner.entitlements;
				CODE_SIGN_IDENTITY = "-";
				CODE_SIGN_STYLE = Automatic;
				COMBINE_HIDPI_IMAGES = YES;
				CURRENT_PROJECT_VERSION = 1;
				DEVELOPMENT_ASSET_PATHS = "\"MidiCombiner/Preview Content\"";
				DEVELOPMENT_TEAM = G3QUE9Y979;
				ENABLE_HARDENED_RUNTIME = YES;
				ENABLE_PREVIEWS = YES;
				GENERATE_INFOPLIST_FILE = YES;
				INFOPLIST_KEY_NSHumanReadableCopyright = "";
				LD_RUNPATH_SEARCH_PATHS = (
					"$(inherited)",
					"@executable_path/../Frameworks",
				);
				MACOSX_DEPLOYMENT_TARGET = 11.0;
				MARKETING_VERSION = 1.0;
				PRODUCT_BUNDLE_IDENTIFIER = com.tesseractcollective.MidiCombiner;
				PRODUCT_NAME = "$(TARGET_NAME)";
				SWIFT_EMIT_LOC_STRINGS = YES;
				SWIFT_VERSION = 5.0;
			};
			name = Release;
		};
/* End XCBuildConfiguration section */

/* Begin XCConfigurationList section */
		EDCA56EA272F171B002E1320 /* Build configuration list for PBXProject "MidiCombiner" */ = {
			isa = XCConfigurationList;
			buildConfigurations = (
				EDCA56FC272F171D002E1320 /* Debug */,
				EDCA56FD272F171D002E1320 /* Release */,
			);
			defaultConfigurationIsVisible = 0;
			defaultConfigurationName = Release;
		};
		EDCA56FE272F171D002E1320 /* Build configuration list for PBXNativeTarget "MidiCombiner" */ = {
			isa = XCConfigurationList;
			buildConfigurations = (
				EDCA56FF272F171D002E1320 /* Debug */,
				EDCA5700272F171D002E1320 /* Release */,
			);
			defaultConfigurationIsVisible = 0;
			defaultConfigurationName = Release;
		};
/* End XCConfigurationList section */

/* Begin XCRemoteSwiftPackageReference section */
		ED16987E2741EA6100841C0C /* XCRemoteSwiftPackageReference "AudioKit" */ = {
			isa = XCRemoteSwiftPackageReference;
			repositoryURL = "git@github.com:AudioKit/AudioKit.git";
			requirement = {
				branch = main;
				kind = branch;
			};
		};
/* End XCRemoteSwiftPackageReference section */

/* Begin XCSwiftPackageProductDependency section */
		ED16987F2741EA6100841C0C /* AudioKit */ = {
			isa = XCSwiftPackageProductDependency;
			package = ED16987E2741EA6100841C0C /* XCRemoteSwiftPackageReference "AudioKit" */;
			productName = AudioKit;
		};
/* End XCSwiftPackageProductDependency section */
	};
	rootObject = EDCA56E7272F171B002E1320 /* Project object */;
}
